// !$*UTF8*$!
{
	archiveVersion = 1;
	classes = {
	};
	objectVersion = 48;
	objects = {

/* Begin PBXBuildFile section */
		FD179B042060E92E00B7FE3D /* AppDelegate.m in Sources */ = {isa = PBXBuildFile; fileRef = FD179B032060E92E00B7FE3D /* AppDelegate.m */; };
		FD179B072060E92E00B7FE3D /* ViewController.m in Sources */ = {isa = PBXBuildFile; fileRef = FD179B062060E92E00B7FE3D /* ViewController.m */; };
		FD179B0A2060E92E00B7FE3D /* Main.storyboard in Resources */ = {isa = PBXBuildFile; fileRef = FD179B082060E92E00B7FE3D /* Main.storyboard */; };
		FD179B0C2060E92E00B7FE3D /* Assets.xcassets in Resources */ = {isa = PBXBuildFile; fileRef = FD179B0B2060E92E00B7FE3D /* Assets.xcassets */; };
		FD179B0F2060E92E00B7FE3D /* LaunchScreen.storyboard in Resources */ = {isa = PBXBuildFile; fileRef = FD179B0D2060E92E00B7FE3D /* LaunchScreen.storyboard */; };
		FD179B122060E92F00B7FE3D /* main.m in Sources */ = {isa = PBXBuildFile; fileRef = FD179B112060E92F00B7FE3D /* main.m */; };
		FD179B1C2060E92F00B7FE3D /* YunoDemoTests.m in Sources */ = {isa = PBXBuildFile; fileRef = FD179B1B2060E92F00B7FE3D /* YunoDemoTests.m */; };
		FD179B292060EA3E00B7FE3D /* XBleSDK.framework in Frameworks */ = {isa = PBXBuildFile; fileRef = FD179B272060E97A00B7FE3D /* XBleSDK.framework */; };
		FD179B2A2060EA3E00B7FE3D /* XBleSDK.framework in Embed Frameworks */ = {isa = PBXBuildFile; fileRef = FD179B272060E97A00B7FE3D /* XBleSDK.framework */; settings = {ATTRIBUTES = (CodeSignOnCopy, RemoveHeadersOnCopy, ); }; };
/* End PBXBuildFile section */

/* Begin PBXContainerItemProxy section */
		FD179B182060E92F00B7FE3D /* PBXContainerItemProxy */ = {
			isa = PBXContainerItemProxy;
			containerPortal = FD179AF72060E92E00B7FE3D /* Project object */;
			proxyType = 1;
			remoteGlobalIDString = FD179AFE2060E92E00B7FE3D;
			remoteInfo = YunoDemo;
		};
/* End PBXContainerItemProxy section */

/* Begin PBXCopyFilesBuildPhase section */
		FD179B2B2060EA3E00B7FE3D /* Embed Frameworks */ = {
			isa = PBXCopyFilesBuildPhase;
			buildActionMask = 2147483647;
			dstPath = "";
			dstSubfolderSpec = 10;
			files = (
				FD179B2A2060EA3E00B7FE3D /* XBleSDK.framework in Embed Frameworks */,
			);
			name = "Embed Frameworks";
			runOnlyForDeploymentPostprocessing = 0;
		};
/* End PBXCopyFilesBuildPhase section */

/* Begin PBXFileReference section */
		FD179AFF2060E92E00B7FE3D /* YunoDemo.app */ = {isa = PBXFileReference; explicitFileType = wrapper.application; includeInIndex = 0; path = YunoDemo.app; sourceTree = BUILT_PRODUCTS_DIR; };
		FD179B022060E92E00B7FE3D /* AppDelegate.h */ = {isa = PBXFileReference; lastKnownFileType = sourcecode.c.h; path = AppDelegate.h; sourceTree = "<group>"; };
		FD179B032060E92E00B7FE3D /* AppDelegate.m */ = {isa = PBXFileReference; lastKnownFileType = sourcecode.c.objc; path = AppDelegate.m; sourceTree = "<group>"; };
		FD179B052060E92E00B7FE3D /* ViewController.h */ = {isa = PBXFileReference; lastKnownFileType = sourcecode.c.h; path = ViewController.h; sourceTree = "<group>"; };
		FD179B062060E92E00B7FE3D /* ViewController.m */ = {isa = PBXFileReference; lastKnownFileType = sourcecode.c.objc; path = ViewController.m; sourceTree = "<group>"; };
		FD179B092060E92E00B7FE3D /* Base */ = {isa = PBXFileReference; lastKnownFileType = file.storyboard; name = Base; path = Base.lproj/Main.storyboard; sourceTree = "<group>"; };
		FD179B0B2060E92E00B7FE3D /* Assets.xcassets */ = {isa = PBXFileReference; lastKnownFileType = folder.assetcatalog; path = Assets.xcassets; sourceTree = "<group>"; };
		FD179B0E2060E92E00B7FE3D /* Base */ = {isa = PBXFileReference; lastKnownFileType = file.storyboard; name = Base; path = Base.lproj/LaunchScreen.storyboard; sourceTree = "<group>"; };
		FD179B102060E92F00B7FE3D /* Info.plist */ = {isa = PBXFileReference; lastKnownFileType = text.plist.xml; path = Info.plist; sourceTree = "<group>"; };
		FD179B112060E92F00B7FE3D /* main.m */ = {isa = PBXFileReference; lastKnownFileType = sourcecode.c.objc; path = main.m; sourceTree = "<group>"; };
		FD179B172060E92F00B7FE3D /* YunoDemoTests.xctest */ = {isa = PBXFileReference; explicitFileType = wrapper.cfbundle; includeInIndex = 0; path = YunoDemoTests.xctest; sourceTree = BUILT_PRODUCTS_DIR; };
		FD179B1B2060E92F00B7FE3D /* YunoDemoTests.m */ = {isa = PBXFileReference; lastKnownFileType = sourcecode.c.objc; path = YunoDemoTests.m; sourceTree = "<group>"; };
		FD179B1D2060E92F00B7FE3D /* Info.plist */ = {isa = PBXFileReference; lastKnownFileType = text.plist.xml; path = Info.plist; sourceTree = "<group>"; };
		FD179B272060E97A00B7FE3D /* XBleSDK.framework */ = {isa = PBXFileReference; lastKnownFileType = wrapper.framework; path = XBleSDK.framework; sourceTree = "<group>"; };
/* End PBXFileReference section */

/* Begin PBXFrameworksBuildPhase section */
		FD179AFC2060E92E00B7FE3D /* Frameworks */ = {
			isa = PBXFrameworksBuildPhase;
			buildActionMask = 2147483647;
			files = (
				FD179B292060EA3E00B7FE3D /* XBleSDK.framework in Frameworks */,
			);
			runOnlyForDeploymentPostprocessing = 0;
		};
		FD179B142060E92F00B7FE3D /* Frameworks */ = {
			isa = PBXFrameworksBuildPhase;
			buildActionMask = 2147483647;
			files = (
			);
			runOnlyForDeploymentPostprocessing = 0;
		};
/* End PBXFrameworksBuildPhase section */

/* Begin PBXGroup section */
		FD179AF62060E92E00B7FE3D = {
			isa = PBXGroup;
			children = (
				FD179B262060E97A00B7FE3D /* Frameworks */,
				FD179B012060E92E00B7FE3D /* YunoDemo */,
				FD179B1A2060E92F00B7FE3D /* YunoDemoTests */,
				FD179B002060E92E00B7FE3D /* Products */,
			);
			sourceTree = "<group>";
		};
		FD179B002060E92E00B7FE3D /* Products */ = {
			isa = PBXGroup;
			children = (
				FD179AFF2060E92E00B7FE3D /* YunoDemo.app */,
				FD179B172060E92F00B7FE3D /* YunoDemoTests.xctest */,
			);
			name = Products;
			sourceTree = "<group>";
		};
		FD179B012060E92E00B7FE3D /* YunoDemo */ = {
			isa = PBXGroup;
			children = (
				FD179B022060E92E00B7FE3D /* AppDelegate.h */,
				FD179B032060E92E00B7FE3D /* AppDelegate.m */,
				FD179B052060E92E00B7FE3D /* ViewController.h */,
				FD179B062060E92E00B7FE3D /* ViewController.m */,
				FD179B082060E92E00B7FE3D /* Main.storyboard */,
				FD179B0B2060E92E00B7FE3D /* Assets.xcassets */,
				FD179B0D2060E92E00B7FE3D /* LaunchScreen.storyboard */,
				FD179B102060E92F00B7FE3D /* Info.plist */,
				FD179B112060E92F00B7FE3D /* main.m */,
			);
			path = YunoDemo;
			sourceTree = "<group>";
		};
		FD179B1A2060E92F00B7FE3D /* YunoDemoTests */ = {
			isa = PBXGroup;
			children = (
				FD179B1B2060E92F00B7FE3D /* YunoDemoTests.m */,
				FD179B1D2060E92F00B7FE3D /* Info.plist */,
			);
			path = YunoDemoTests;
			sourceTree = "<group>";
		};
		FD179B262060E97A00B7FE3D /* Frameworks */ = {
			isa = PBXGroup;
			children = (
				FD179B272060E97A00B7FE3D /* XBleSDK.framework */,
			);
			name = Frameworks;
			path = YunoDemo/Frameworks;
			sourceTree = "<group>";
		};
/* End PBXGroup section */

/* Begin PBXNativeTarget section */
		FD179AFE2060E92E00B7FE3D /* YunoDemo */ = {
			isa = PBXNativeTarget;
			buildConfigurationList = FD179B202060E92F00B7FE3D /* Build configuration list for PBXNativeTarget "YunoDemo" */;
			buildPhases = (
				FD179AFB2060E92E00B7FE3D /* Sources */,
				FD179AFC2060E92E00B7FE3D /* Frameworks */,
				FD179AFD2060E92E00B7FE3D /* Resources */,
				FD179B2B2060EA3E00B7FE3D /* Embed Frameworks */,
			);
			buildRules = (
			);
			dependencies = (
			);
			name = YunoDemo;
			productName = YunoDemo;
			productReference = FD179AFF2060E92E00B7FE3D /* YunoDemo.app */;
			productType = "com.apple.product-type.application";
		};
		FD179B162060E92F00B7FE3D /* YunoDemoTests */ = {
			isa = PBXNativeTarget;
			buildConfigurationList = FD179B232060E92F00B7FE3D /* Build configuration list for PBXNativeTarget "YunoDemoTests" */;
			buildPhases = (
				FD179B132060E92F00B7FE3D /* Sources */,
				FD179B142060E92F00B7FE3D /* Frameworks */,
				FD179B152060E92F00B7FE3D /* Resources */,
			);
			buildRules = (
			);
			dependencies = (
				FD179B192060E92F00B7FE3D /* PBXTargetDependency */,
			);
			name = YunoDemoTests;
			productName = YunoDemoTests;
			productReference = FD179B172060E92F00B7FE3D /* YunoDemoTests.xctest */;
			productType = "com.apple.product-type.bundle.unit-test";
		};
/* End PBXNativeTarget section */

/* Begin PBXProject section */
		FD179AF72060E92E00B7FE3D /* Project object */ = {
			isa = PBXProject;
			attributes = {
				LastUpgradeCheck = 0920;
				ORGANIZATIONNAME = "sole(sole.he@sophonspace.com)";
				TargetAttributes = {
					FD179AFE2060E92E00B7FE3D = {
						CreatedOnToolsVersion = 9.2;
						ProvisioningStyle = Automatic;
					};
					FD179B162060E92F00B7FE3D = {
						CreatedOnToolsVersion = 9.2;
						ProvisioningStyle = Automatic;
						TestTargetID = FD179AFE2060E92E00B7FE3D;
					};
				};
			};
			buildConfigurationList = FD179AFA2060E92E00B7FE3D /* Build configuration list for PBXProject "YunoDemo" */;
			compatibilityVersion = "Xcode 8.0";
			developmentRegion = en;
			hasScannedForEncodings = 0;
			knownRegions = (
				en,
				Base,
			);
			mainGroup = FD179AF62060E92E00B7FE3D;
			productRefGroup = FD179B002060E92E00B7FE3D /* Products */;
			projectDirPath = "";
			projectRoot = "";
			targets = (
				FD179AFE2060E92E00B7FE3D /* YunoDemo */,
				FD179B162060E92F00B7FE3D /* YunoDemoTests */,
			);
		};
/* End PBXProject section */

/* Begin PBXResourcesBuildPhase section */
		FD179AFD2060E92E00B7FE3D /* Resources */ = {
			isa = PBXResourcesBuildPhase;
			buildActionMask = 2147483647;
			files = (
				FD179B0F2060E92E00B7FE3D /* LaunchScreen.storyboard in Resources */,
				FD179B0C2060E92E00B7FE3D /* Assets.xcassets in Resources */,
				FD179B0A2060E92E00B7FE3D /* Main.storyboard in Resources */,
			);
			runOnlyForDeploymentPostprocessing = 0;
		};
		FD179B152060E92F00B7FE3D /* Resources */ = {
			isa = PBXResourcesBuildPhase;
			buildActionMask = 2147483647;
			files = (
			);
			runOnlyForDeploymentPostprocessing = 0;
		};
/* End PBXResourcesBuildPhase section */

/* Begin PBXSourcesBuildPhase section */
		FD179AFB2060E92E00B7FE3D /* Sources */ = {
			isa = PBXSourcesBuildPhase;
			buildActionMask = 2147483647;
			files = (
				FD179B072060E92E00B7FE3D /* ViewController.m in Sources */,
				FD179B122060E92F00B7FE3D /* main.m in Sources */,
				FD179B042060E92E00B7FE3D /* AppDelegate.m in Sources */,
			);
			runOnlyForDeploymentPostprocessing = 0;
		};
		FD179B132060E92F00B7FE3D /* Sources */ = {
			isa = PBXSourcesBuildPhase;
			buildActionMask = 2147483647;
			files = (
				FD179B1C2060E92F00B7FE3D /* YunoDemoTests.m in Sources */,
			);
			runOnlyForDeploymentPostprocessing = 0;
		};
/* End PBXSourcesBuildPhase section */

/* Begin PBXTargetDependency section */
		FD179B192060E92F00B7FE3D /* PBXTargetDependency */ = {
			isa = PBXTargetDependency;
			target = FD179AFE2060E92E00B7FE3D /* YunoDemo */;
			targetProxy = FD179B182060E92F00B7FE3D /* PBXContainerItemProxy */;
		};
/* End PBXTargetDependency section */

/* Begin PBXVariantGroup section */
		FD179B082060E92E00B7FE3D /* Main.storyboard */ = {
			isa = PBXVariantGroup;
			children = (
				FD179B092060E92E00B7FE3D /* Base */,
			);
			name = Main.storyboard;
			sourceTree = "<group>";
		};
		FD179B0D2060E92E00B7FE3D /* LaunchScreen.storyboard */ = {
			isa = PBXVariantGroup;
			children = (
				FD179B0E2060E92E00B7FE3D /* Base */,
			);
			name = LaunchScreen.storyboard;
			sourceTree = "<group>";
		};
/* End PBXVariantGroup section */

/* Begin XCBuildConfiguration section */
		FD179B1E2060E92F00B7FE3D /* Debug */ = {
			isa = XCBuildConfiguration;
			buildSettings = {
				ALWAYS_SEARCH_USER_PATHS = NO;
				CLANG_ANALYZER_NONNULL = YES;
				CLANG_ANALYZER_NUMBER_OBJECT_CONVERSION = YES_AGGRESSIVE;
				CLANG_CXX_LANGUAGE_STANDARD = "gnu++14";
				CLANG_CXX_LIBRARY = "libc++";
				CLANG_ENABLE_MODULES = YES;
				CLANG_ENABLE_OBJC_ARC = YES;
				CLANG_WARN_BLOCK_CAPTURE_AUTORELEASING = YES;
				CLANG_WARN_BOOL_CONVERSION = YES;
				CLANG_WARN_COMMA = YES;
				CLANG_WARN_CONSTANT_CONVERSION = YES;
				CLANG_WARN_DIRECT_OBJC_ISA_USAGE = YES_ERROR;
				CLANG_WARN_DOCUMENTATION_COMMENTS = YES;
				CLANG_WARN_EMPTY_BODY = YES;
				CLANG_WARN_ENUM_CONVERSION = YES;
				CLANG_WARN_INFINITE_RECURSION = YES;
				CLANG_WARN_INT_CONVERSION = YES;
				CLANG_WARN_NON_LITERAL_NULL_CONVERSION = YES;
				CLANG_WARN_OBJC_LITERAL_CONVERSION = YES;
				CLANG_WARN_OBJC_ROOT_CLASS = YES_ERROR;
				CLANG_WARN_RANGE_LOOP_ANALYSIS = YES;
				CLANG_WARN_STRICT_PROTOTYPES = YES;
				CLANG_WARN_SUSPICIOUS_MOVE = YES;
				CLANG_WARN_UNGUARDED_AVAILABILITY = YES_AGGRESSIVE;
				CLANG_WARN_UNREACHABLE_CODE = YES;
				CLANG_WARN__DUPLICATE_METHOD_MATCH = YES;
				CODE_SIGN_IDENTITY = "iPhone Developer";
				COPY_PHASE_STRIP = NO;
				DEBUG_INFORMATION_FORMAT = dwarf;
				ENABLE_STRICT_OBJC_MSGSEND = YES;
				ENABLE_TESTABILITY = YES;
				GCC_C_LANGUAGE_STANDARD = gnu11;
				GCC_DYNAMIC_NO_PIC = NO;
				GCC_NO_COMMON_BLOCKS = YES;
				GCC_OPTIMIZATION_LEVEL = 0;
				GCC_PREPROCESSOR_DEFINITIONS = (
					"DEBUG=1",
					"$(inherited)",
				);
				GCC_WARN_64_TO_32_BIT_CONVERSION = YES;
				GCC_WARN_ABOUT_RETURN_TYPE = YES_ERROR;
				GCC_WARN_UNDECLARED_SELECTOR = YES;
				GCC_WARN_UNINITIALIZED_AUTOS = YES_AGGRESSIVE;
				GCC_WARN_UNUSED_FUNCTION = YES;
				GCC_WARN_UNUSED_VARIABLE = YES;
				IPHONEOS_DEPLOYMENT_TARGET = 11.2;
				MTL_ENABLE_DEBUG_INFO = YES;
				ONLY_ACTIVE_ARCH = YES;
				SDKROOT = iphoneos;
			};
			name = Debug;
		};
		FD179B1F2060E92F00B7FE3D /* Release */ = {
			isa = XCBuildConfiguration;
			buildSettings = {
				ALWAYS_SEARCH_USER_PATHS = NO;
				CLANG_ANALYZER_NONNULL = YES;
				CLANG_ANALYZER_NUMBER_OBJECT_CONVERSION = YES_AGGRESSIVE;
				CLANG_CXX_LANGUAGE_STANDARD = "gnu++14";
				CLANG_CXX_LIBRARY = "libc++";
				CLANG_ENABLE_MODULES = YES;
				CLANG_ENABLE_OBJC_ARC = YES;
				CLANG_WARN_BLOCK_CAPTURE_AUTORELEASING = YES;
				CLANG_WARN_BOOL_CONVERSION = YES;
				CLANG_WARN_COMMA = YES;
				CLANG_WARN_CONSTANT_CONVERSION = YES;
				CLANG_WARN_DIRECT_OBJC_ISA_USAGE = YES_ERROR;
				CLANG_WARN_DOCUMENTATION_COMMENTS = YES;
				CLANG_WARN_EMPTY_BODY = YES;
				CLANG_WARN_ENUM_CONVERSION = YES;
				CLANG_WARN_INFINITE_RECURSION = YES;
				CLANG_WARN_INT_CONVERSION = YES;
				CLANG_WARN_NON_LITERAL_NULL_CONVERSION = YES;
				CLANG_WARN_OBJC_LITERAL_CONVERSION = YES;
				CLANG_WARN_OBJC_ROOT_CLASS = YES_ERROR;
				CLANG_WARN_RANGE_LOOP_ANALYSIS = YES;
				CLANG_WARN_STRICT_PROTOTYPES = YES;
				CLANG_WARN_SUSPICIOUS_MOVE = YES;
				CLANG_WARN_UNGUARDED_AVAILABILITY = YES_AGGRESSIVE;
				CLANG_WARN_UNREACHABLE_CODE = YES;
				CLANG_WARN__DUPLICATE_METHOD_MATCH = YES;
				CODE_SIGN_IDENTITY = "iPhone Developer";
				COPY_PHASE_STRIP = NO;
				DEBUG_INFORMATION_FORMAT = "dwarf-with-dsym";
				ENABLE_NS_ASSERTIONS = NO;
				ENABLE_STRICT_OBJC_MSGSEND = YES;
				GCC_C_LANGUAGE_STANDARD = gnu11;
				GCC_NO_COMMON_BLOCKS = YES;
				GCC_WARN_64_TO_32_BIT_CONVERSION = YES;
				GCC_WARN_ABOUT_RETURN_TYPE = YES_ERROR;
				GCC_WARN_UNDECLARED_SELECTOR = YES;
				GCC_WARN_UNINITIALIZED_AUTOS = YES_AGGRESSIVE;
				GCC_WARN_UNUSED_FUNCTION = YES;
				GCC_WARN_UNUSED_VARIABLE = YES;
				IPHONEOS_DEPLOYMENT_TARGET = 11.2;
				MTL_ENABLE_DEBUG_INFO = NO;
				SDKROOT = iphoneos;
				VALIDATE_PRODUCT = YES;
			};
			name = Release;
		};
		FD179B212060E92F00B7FE3D /* Debug */ = {
			isa = XCBuildConfiguration;
			buildSettings = {
				ASSETCATALOG_COMPILER_APPICON_NAME = AppIcon;
				CODE_SIGN_STYLE = Automatic;
				DEVELOPMENT_TEAM = 6JPKN59F6B;
				FRAMEWORK_SEARCH_PATHS = (
					"$(inherited)",
					"$(PROJECT_DIR)/YunoDemo/Frameworks",
				);
				INFOPLIST_FILE = YunoDemo/Info.plist;
				IPHONEOS_DEPLOYMENT_TARGET = 9.0;
				LD_RUNPATH_SEARCH_PATHS = "$(inherited) @executable_path/Frameworks";
				PRODUCT_BUNDLE_IDENTIFIER = com.sophonspace.YunoDemo;
				PRODUCT_NAME = "$(TARGET_NAME)";
				TARGETED_DEVICE_FAMILY = 1;
			};
			name = Debug;
		};
		FD179B222060E92F00B7FE3D /* Release */ = {
			isa = XCBuildConfiguration;
			buildSettings = {
				ASSETCATALOG_COMPILER_APPICON_NAME = AppIcon;
				CODE_SIGN_STYLE = Automatic;
				DEVELOPMENT_TEAM = 6JPKN59F6B;
				FRAMEWORK_SEARCH_PATHS = (
					"$(inherited)",
					"$(PROJECT_DIR)/YunoDemo/Frameworks",
				);
				INFOPLIST_FILE = YunoDemo/Info.plist;
				IPHONEOS_DEPLOYMENT_TARGET = 9.0;
				LD_RUNPATH_SEARCH_PATHS = "$(inherited) @executable_path/Frameworks";
				PRODUCT_BUNDLE_IDENTIFIER = com.sophonspace.YunoDemo;
				PRODUCT_NAME = "$(TARGET_NAME)";
				TARGETED_DEVICE_FAMILY = 1;
			};
			name = Release;
		};
		FD179B242060E92F00B7FE3D /* Debug */ = {
			isa = XCBuildConfiguration;
			buildSettings = {
				BUNDLE_LOADER = "$(TEST_HOST)";
				CODE_SIGN_STYLE = Automatic;
				DEVELOPMENT_TEAM = 6JPKN59F6B;
				INFOPLIST_FILE = YunoDemoTests/Info.plist;
				LD_RUNPATH_SEARCH_PATHS = "$(inherited) @executable_path/Frameworks @loader_path/Frameworks";
				PRODUCT_BUNDLE_IDENTIFIER = com.sophonspace.YunoDemoTests;
				PRODUCT_NAME = "$(TARGET_NAME)";
				TARGETED_DEVICE_FAMILY = "1,2";
				TEST_HOST = "$(BUILT_PRODUCTS_DIR)/YunoDemo.app/YunoDemo";
			};
			name = Debug;
		};
		FD179B252060E92F00B7FE3D /* Release */ = {
			isa = XCBuildConfiguration;
			buildSettings = {
				BUNDLE_LOADER = "$(TEST_HOST)";
				CODE_SIGN_STYLE = Automatic;
				DEVELOPMENT_TEAM = 6JPKN59F6B;
				INFOPLIST_FILE = YunoDemoTests/Info.plist;
				LD_RUNPATH_SEARCH_PATHS = "$(inherited) @executable_path/Frameworks @loader_path/Frameworks";
				PRODUCT_BUNDLE_IDENTIFIER = com.sophonspace.YunoDemoTests;
				PRODUCT_NAME = "$(TARGET_NAME)";
				TARGETED_DEVICE_FAMILY = "1,2";
				TEST_HOST = "$(BUILT_PRODUCTS_DIR)/YunoDemo.app/YunoDemo";
			};
			name = Release;
		};
/* End XCBuildConfiguration section */

/* Begin XCConfigurationList section */
		FD179AFA2060E92E00B7FE3D /* Build configuration list for PBXProject "YunoDemo" */ = {
			isa = XCConfigurationList;
			buildConfigurations = (
				FD179B1E2060E92F00B7FE3D /* Debug */,
				FD179B1F2060E92F00B7FE3D /* Release */,
			);
			defaultConfigurationIsVisible = 0;
			defaultConfigurationName = Release;
		};
		FD179B202060E92F00B7FE3D /* Build configuration list for PBXNativeTarget "YunoDemo" */ = {
			isa = XCConfigurationList;
			buildConfigurations = (
				FD179B212060E92F00B7FE3D /* Debug */,
				FD179B222060E92F00B7FE3D /* Release */,
			);
			defaultConfigurationIsVisible = 0;
			defaultConfigurationName = Release;
		};
		FD179B232060E92F00B7FE3D /* Build configuration list for PBXNativeTarget "YunoDemoTests" */ = {
			isa = XCConfigurationList;
			buildConfigurations = (
				FD179B242060E92F00B7FE3D /* Debug */,
				FD179B252060E92F00B7FE3D /* Release */,
			);
			defaultConfigurationIsVisible = 0;
			defaultConfigurationName = Release;
		};
/* End XCConfigurationList section */
	};
	rootObject = FD179AF72060E92E00B7FE3D /* Project object */;
}
